
Microsoft Visual Studio Solution File, Format Version 11.00
# Visual Studio 2010
Project("{FAE04EC0-301F-11D3-BF4B-00C04F79EFBC}") = "LPC24XX_ADC", "LPC24XX_ADC\LPC24XX_ADC.csproj", "{B2B9EF22-B816-4B74-AB20-B7573EE0A3CF}"
EndProject
Global
	GlobalSection(SolutionConfigurationPlatforms) = preSolution
		Debug|Any CPU = Debug|Any CPU
		Release|Any CPU = Release|Any CPU
	EndGlobalSection
	GlobalSection(ProjectConfigurationPlatforms) = postSolution
		{B2B9EF22-B816-4B74-AB20-B7573EE0A3CF}.Debug|Any CPU.ActiveCfg = Debug|Any CPU
		{B2B9EF22-B816-4B74-AB20-B7573EE0A3CF}.Debug|Any CPU.Build.0 = Debug|Any CPU
		{B2B9EF22-B816-4B74-AB20-B7573EE0A3CF}.Release|Any CPU.ActiveCfg = Release|Any CPU
		{B2B9EF22-B816-4B74-AB20-B7573EE0A3CF}.Release|Any CPU.Build.0 = Release|Any CPU
	EndGlobalSection
	GlobalSection(SolutionProperties) = preSolution
		HideSolutionNode = FALSE
	EndGlobalSection
EndGlobal
